// !$*UTF8*$!
{
	archiveVersion = 1;
	classes = {
	};
	objectVersion = 56;
	objects = {

/* Begin PBXBuildFile section */
		8F77D86F2A26E8B900BC0054 /* CardView.swift in Sources */ = {isa = PBXBuildFile; fileRef = 8F77D86E2A26E8B900BC0054 /* CardView.swift */; };
		8F77D8712A26E8C100BC0054 /* CardViewController.swift in Sources */ = {isa = PBXBuildFile; fileRef = 8F77D8702A26E8C100BC0054 /* CardViewController.swift */; };
		8F95F7A12A4013970080D42A /* SingleButtonView.swift in Sources */ = {isa = PBXBuildFile; fileRef = 8F95F7A02A4013970080D42A /* SingleButtonView.swift */; };
		8F95F7A32A4137A90080D42A /* CollectionViewBaseCell.swift in Sources */ = {isa = PBXBuildFile; fileRef = 8F95F7A22A4137A90080D42A /* CollectionViewBaseCell.swift */; };
		8F95F7A52A413BE40080D42A /* UIView+Extension.swift in Sources */ = {isa = PBXBuildFile; fileRef = 8F95F7A42A413BE40080D42A /* UIView+Extension.swift */; };
		8F95F7A82A4279780080D42A /* BookViewController.swift in Sources */ = {isa = PBXBuildFile; fileRef = 8F95F7A72A4279780080D42A /* BookViewController.swift */; };
		8F95F7AA2A42799C0080D42A /* BookDetailView.swift in Sources */ = {isa = PBXBuildFile; fileRef = 8F95F7A92A42799C0080D42A /* BookDetailView.swift */; };
		8F95F7AD2A4280680080D42A /* BookView.swift in Sources */ = {isa = PBXBuildFile; fileRef = 8F95F7AC2A4280680080D42A /* BookView.swift */; };
		8F95F7AF2A429A300080D42A /* Date+Extension.swift in Sources */ = {isa = PBXBuildFile; fileRef = 8F95F7AE2A429A300080D42A /* Date+Extension.swift */; };
		8F95F7B12A42B9740080D42A /* DiaryCollectionViewCell.swift in Sources */ = {isa = PBXBuildFile; fileRef = 8F95F7B02A42B9740080D42A /* DiaryCollectionViewCell.swift */; };
		8F95F7B32A42C8320080D42A /* Diary.swift in Sources */ = {isa = PBXBuildFile; fileRef = 8F95F7B22A42C8320080D42A /* Diary.swift */; };
		8F95F7B52A43DEBD0080D42A /* CardListCollectionView.swift in Sources */ = {isa = PBXBuildFile; fileRef = 8F95F7B42A43DEBD0080D42A /* CardListCollectionView.swift */; };
		8FB825C12A29A77F00C59ED8 /* RealmRepository.swift in Sources */ = {isa = PBXBuildFile; fileRef = 8FB825C02A29A77F00C59ED8 /* RealmRepository.swift */; };
		8FBEDF122A2D7C3D0030E41C /* Toast in Frameworks */ = {isa = PBXBuildFile; productRef = 8FBEDF112A2D7C3D0030E41C /* Toast */; };
		8FBEDF152A3057130030E41C /* DeckTitleViewController.swift in Sources */ = {isa = PBXBuildFile; fileRef = 8FBEDF142A3057130030E41C /* DeckTitleViewController.swift */; };
		8FBEDF182A305AF10030E41C /* CustomButtons.swift in Sources */ = {isa = PBXBuildFile; fileRef = 8FBEDF172A305AF10030E41C /* CustomButtons.swift */; };
		8FBEDF1A2A31AF740030E41C /* CardListViewController.swift in Sources */ = {isa = PBXBuildFile; fileRef = 8FBEDF192A31AF740030E41C /* CardListViewController.swift */; };
		8FBEDF1C2A3203060030E41C /* CardPickerViewController.swift in Sources */ = {isa = PBXBuildFile; fileRef = 8FBEDF1B2A3203060030E41C /* CardPickerViewController.swift */; };
		8FBEDF1E2A3203650030E41C /* ListView.swift in Sources */ = {isa = PBXBuildFile; fileRef = 8FBEDF1D2A3203650030E41C /* ListView.swift */; };
		8FBEDF202A3207CE0030E41C /* CardPickerView.swift in Sources */ = {isa = PBXBuildFile; fileRef = 8FBEDF1F2A3207CE0030E41C /* CardPickerView.swift */; };
		8FDBC41F2A14AC7700E9B619 /* AppDelegate.swift in Sources */ = {isa = PBXBuildFile; fileRef = 8FDBC41E2A14AC7700E9B619 /* AppDelegate.swift */; };
		8FDBC4212A14AC7700E9B619 /* SceneDelegate.swift in Sources */ = {isa = PBXBuildFile; fileRef = 8FDBC4202A14AC7700E9B619 /* SceneDelegate.swift */; };
		8FDBC4232A14AC7700E9B619 /* ViewController.swift in Sources */ = {isa = PBXBuildFile; fileRef = 8FDBC4222A14AC7700E9B619 /* ViewController.swift */; };
		8FDBC4262A14AC7700E9B619 /* Main.storyboard in Resources */ = {isa = PBXBuildFile; fileRef = 8FDBC4242A14AC7700E9B619 /* Main.storyboard */; };
		8FDBC4282A14AC7800E9B619 /* Assets.xcassets in Resources */ = {isa = PBXBuildFile; fileRef = 8FDBC4272A14AC7800E9B619 /* Assets.xcassets */; };
		8FDBC42B2A14AC7900E9B619 /* LaunchScreen.storyboard in Resources */ = {isa = PBXBuildFile; fileRef = 8FDBC4292A14AC7900E9B619 /* LaunchScreen.storyboard */; };
		8FDBC4362A14AC7900E9B619 /* SnapDiaryTests.swift in Sources */ = {isa = PBXBuildFile; fileRef = 8FDBC4352A14AC7900E9B619 /* SnapDiaryTests.swift */; };
		8FDBC4402A14AC7900E9B619 /* SnapDiaryUITests.swift in Sources */ = {isa = PBXBuildFile; fileRef = 8FDBC43F2A14AC7900E9B619 /* SnapDiaryUITests.swift */; };
		8FDBC4422A14AC7900E9B619 /* SnapDiaryUITestsLaunchTests.swift in Sources */ = {isa = PBXBuildFile; fileRef = 8FDBC4412A14AC7900E9B619 /* SnapDiaryUITestsLaunchTests.swift */; };
		8FDBC4502A16FDC200E9B619 /* BaseViewController.swift in Sources */ = {isa = PBXBuildFile; fileRef = 8FDBC44F2A16FDC200E9B619 /* BaseViewController.swift */; };
		8FDBC4532A17043A00E9B619 /* BookListViewController.swift in Sources */ = {isa = PBXBuildFile; fileRef = 8FDBC4522A17043A00E9B619 /* BookListViewController.swift */; };
		8FDBC4572A17130200E9B619 /* Realm in Frameworks */ = {isa = PBXBuildFile; productRef = 8FDBC4562A17130200E9B619 /* Realm */; };
		8FDBC4592A17130200E9B619 /* RealmSwift in Frameworks */ = {isa = PBXBuildFile; productRef = 8FDBC4582A17130200E9B619 /* RealmSwift */; };
		8FDBC45C2A17136C00E9B619 /* Book.swift in Sources */ = {isa = PBXBuildFile; fileRef = 8FDBC45B2A17136C00E9B619 /* Book.swift */; };
		8FDBC45E2A174DBE00E9B619 /* Deck.swift in Sources */ = {isa = PBXBuildFile; fileRef = 8FDBC45D2A174DBE00E9B619 /* Deck.swift */; };
		8FDBC4602A1B3DEA00E9B619 /* BookListView.swift in Sources */ = {isa = PBXBuildFile; fileRef = 8FDBC45F2A1B3DEA00E9B619 /* BookListView.swift */; };
		8FDBC4622A1B3F8900E9B619 /* BaseView.swift in Sources */ = {isa = PBXBuildFile; fileRef = 8FDBC4612A1B3F8900E9B619 /* BaseView.swift */; };
		8FDBC4662A1B41C500E9B619 /* SnapKit in Frameworks */ = {isa = PBXBuildFile; productRef = 8FDBC4652A1B41C500E9B619 /* SnapKit */; };
		8FDBC4692A1D9D1300E9B619 /* WriteViewController.swift in Sources */ = {isa = PBXBuildFile; fileRef = 8FDBC4682A1D9D1300E9B619 /* WriteViewController.swift */; };
		8FDBC46C2A1D9D3B00E9B619 /* WriteView.swift in Sources */ = {isa = PBXBuildFile; fileRef = 8FDBC46B2A1D9D3B00E9B619 /* WriteView.swift */; };
		8FDBC46F2A1DAB1000E9B619 /* AddBookView.swift in Sources */ = {isa = PBXBuildFile; fileRef = 8FDBC46E2A1DAB1000E9B619 /* AddBookView.swift */; };
		8FDBC4712A1DAC1600E9B619 /* Card.swift in Sources */ = {isa = PBXBuildFile; fileRef = 8FDBC4702A1DAC1600E9B619 /* Card.swift */; };
		8FDBC4732A1DCAE900E9B619 /* AddBookViewController.swift in Sources */ = {isa = PBXBuildFile; fileRef = 8FDBC4722A1DCAE900E9B619 /* AddBookViewController.swift */; };
		8FDBC4752A1DCE1C00E9B619 /* TextFeildTableViewCell.swift in Sources */ = {isa = PBXBuildFile; fileRef = 8FDBC4742A1DCE1C00E9B619 /* TextFeildTableViewCell.swift */; };
		8FDBC4792A1DCFED00E9B619 /* VC+Transition.swift in Sources */ = {isa = PBXBuildFile; fileRef = 8FDBC4782A1DCFED00E9B619 /* VC+Transition.swift */; };
		8FDBC47B2A1DE2F700E9B619 /* NotificationSettingViewController.swift in Sources */ = {isa = PBXBuildFile; fileRef = 8FDBC47A2A1DE2F700E9B619 /* NotificationSettingViewController.swift */; };
		8FDBC47D2A1EFBAF00E9B619 /* NotificationOptionCell.swift in Sources */ = {isa = PBXBuildFile; fileRef = 8FDBC47C2A1EFBAF00E9B619 /* NotificationOptionCell.swift */; };
		8FDBC4802A1F2D7500E9B619 /* SwitchTableViewCell.swift in Sources */ = {isa = PBXBuildFile; fileRef = 8FDBC47F2A1F2D7500E9B619 /* SwitchTableViewCell.swift */; };
		8FDBC4822A20742500E9B619 /* DeckPickerCell.swift in Sources */ = {isa = PBXBuildFile; fileRef = 8FDBC4812A20742500E9B619 /* DeckPickerCell.swift */; };
		8FDBC4852A2080D600E9B619 /* DeckListViewController.swift in Sources */ = {isa = PBXBuildFile; fileRef = 8FDBC4842A2080D600E9B619 /* DeckListViewController.swift */; };
		8FDBC4872A2080E400E9B619 /* DeckDetailViewController.swift in Sources */ = {isa = PBXBuildFile; fileRef = 8FDBC4862A2080E400E9B619 /* DeckDetailViewController.swift */; };
		8FDBC4892A2084A900E9B619 /* CardListView.swift in Sources */ = {isa = PBXBuildFile; fileRef = 8FDBC4882A2084A900E9B619 /* CardListView.swift */; };
		8FDBC48B2A208AF100E9B619 /* CardCollectionViewCell.swift in Sources */ = {isa = PBXBuildFile; fileRef = 8FDBC48A2A208AF100E9B619 /* CardCollectionViewCell.swift */; };
		8FDBC48E2A24469000E9B619 /* Constants.swift in Sources */ = {isa = PBXBuildFile; fileRef = 8FDBC48D2A24469000E9B619 /* Constants.swift */; };
		8FDBC4902A2446E500E9B619 /* Colors.swift in Sources */ = {isa = PBXBuildFile; fileRef = 8FDBC48F2A2446E500E9B619 /* Colors.swift */; };
		8FEF9BC42A45680600661CDE /* SingleLineCollectionView.swift in Sources */ = {isa = PBXBuildFile; fileRef = 8FEF9BC32A45680600661CDE /* SingleLineCollectionView.swift */; };
/* End PBXBuildFile section */

/* Begin PBXContainerItemProxy section */
		8FDBC4322A14AC7900E9B619 /* PBXContainerItemProxy */ = {
			isa = PBXContainerItemProxy;
			containerPortal = 8FDBC4132A14AC7700E9B619 /* Project object */;
			proxyType = 1;
			remoteGlobalIDString = 8FDBC41A2A14AC7700E9B619;
			remoteInfo = SnapDiary;
		};
		8FDBC43C2A14AC7900E9B619 /* PBXContainerItemProxy */ = {
			isa = PBXContainerItemProxy;
			containerPortal = 8FDBC4132A14AC7700E9B619 /* Project object */;
			proxyType = 1;
			remoteGlobalIDString = 8FDBC41A2A14AC7700E9B619;
			remoteInfo = SnapDiary;
		};
/* End PBXContainerItemProxy section */

/* Begin PBXFileReference section */
		8F77D86E2A26E8B900BC0054 /* CardView.swift */ = {isa = PBXFileReference; lastKnownFileType = sourcecode.swift; path = CardView.swift; sourceTree = "<group>"; };
		8F77D8702A26E8C100BC0054 /* CardViewController.swift */ = {isa = PBXFileReference; lastKnownFileType = sourcecode.swift; path = CardViewController.swift; sourceTree = "<group>"; };
		8F95F7A02A4013970080D42A /* SingleButtonView.swift */ = {isa = PBXFileReference; lastKnownFileType = sourcecode.swift; path = SingleButtonView.swift; sourceTree = "<group>"; };
		8F95F7A22A4137A90080D42A /* CollectionViewBaseCell.swift */ = {isa = PBXFileReference; lastKnownFileType = sourcecode.swift; path = CollectionViewBaseCell.swift; sourceTree = "<group>"; };
		8F95F7A42A413BE40080D42A /* UIView+Extension.swift */ = {isa = PBXFileReference; lastKnownFileType = sourcecode.swift; path = "UIView+Extension.swift"; sourceTree = "<group>"; };
		8F95F7A72A4279780080D42A /* BookViewController.swift */ = {isa = PBXFileReference; lastKnownFileType = sourcecode.swift; path = BookViewController.swift; sourceTree = "<group>"; };
		8F95F7A92A42799C0080D42A /* BookDetailView.swift */ = {isa = PBXFileReference; lastKnownFileType = sourcecode.swift; path = BookDetailView.swift; sourceTree = "<group>"; };
		8F95F7AC2A4280680080D42A /* BookView.swift */ = {isa = PBXFileReference; lastKnownFileType = sourcecode.swift; path = BookView.swift; sourceTree = "<group>"; };
		8F95F7AE2A429A300080D42A /* Date+Extension.swift */ = {isa = PBXFileReference; lastKnownFileType = sourcecode.swift; path = "Date+Extension.swift"; sourceTree = "<group>"; };
		8F95F7B02A42B9740080D42A /* DiaryCollectionViewCell.swift */ = {isa = PBXFileReference; lastKnownFileType = sourcecode.swift; path = DiaryCollectionViewCell.swift; sourceTree = "<group>"; };
		8F95F7B22A42C8320080D42A /* Diary.swift */ = {isa = PBXFileReference; lastKnownFileType = sourcecode.swift; path = Diary.swift; sourceTree = "<group>"; };
		8F95F7B42A43DEBD0080D42A /* CardListCollectionView.swift */ = {isa = PBXFileReference; lastKnownFileType = sourcecode.swift; path = CardListCollectionView.swift; sourceTree = "<group>"; };
		8FB825C02A29A77F00C59ED8 /* RealmRepository.swift */ = {isa = PBXFileReference; lastKnownFileType = sourcecode.swift; path = RealmRepository.swift; sourceTree = "<group>"; };
		8FBEDF142A3057130030E41C /* DeckTitleViewController.swift */ = {isa = PBXFileReference; lastKnownFileType = sourcecode.swift; path = DeckTitleViewController.swift; sourceTree = "<group>"; };
		8FBEDF172A305AF10030E41C /* CustomButtons.swift */ = {isa = PBXFileReference; lastKnownFileType = sourcecode.swift; path = CustomButtons.swift; sourceTree = "<group>"; };
		8FBEDF192A31AF740030E41C /* CardListViewController.swift */ = {isa = PBXFileReference; lastKnownFileType = sourcecode.swift; path = CardListViewController.swift; sourceTree = "<group>"; };
		8FBEDF1B2A3203060030E41C /* CardPickerViewController.swift */ = {isa = PBXFileReference; lastKnownFileType = sourcecode.swift; path = CardPickerViewController.swift; sourceTree = "<group>"; };
		8FBEDF1D2A3203650030E41C /* ListView.swift */ = {isa = PBXFileReference; lastKnownFileType = sourcecode.swift; path = ListView.swift; sourceTree = "<group>"; };
		8FBEDF1F2A3207CE0030E41C /* CardPickerView.swift */ = {isa = PBXFileReference; lastKnownFileType = sourcecode.swift; path = CardPickerView.swift; sourceTree = "<group>"; };
		8FDBC41B2A14AC7700E9B619 /* SnapDiary.app */ = {isa = PBXFileReference; explicitFileType = wrapper.application; includeInIndex = 0; path = SnapDiary.app; sourceTree = BUILT_PRODUCTS_DIR; };
		8FDBC41E2A14AC7700E9B619 /* AppDelegate.swift */ = {isa = PBXFileReference; lastKnownFileType = sourcecode.swift; path = AppDelegate.swift; sourceTree = "<group>"; };
		8FDBC4202A14AC7700E9B619 /* SceneDelegate.swift */ = {isa = PBXFileReference; lastKnownFileType = sourcecode.swift; path = SceneDelegate.swift; sourceTree = "<group>"; };
		8FDBC4222A14AC7700E9B619 /* ViewController.swift */ = {isa = PBXFileReference; lastKnownFileType = sourcecode.swift; path = ViewController.swift; sourceTree = "<group>"; };
		8FDBC4252A14AC7700E9B619 /* Base */ = {isa = PBXFileReference; lastKnownFileType = file.storyboard; name = Base; path = Base.lproj/Main.storyboard; sourceTree = "<group>"; };
		8FDBC4272A14AC7800E9B619 /* Assets.xcassets */ = {isa = PBXFileReference; lastKnownFileType = folder.assetcatalog; path = Assets.xcassets; sourceTree = "<group>"; };
		8FDBC42A2A14AC7900E9B619 /* Base */ = {isa = PBXFileReference; lastKnownFileType = file.storyboard; name = Base; path = Base.lproj/LaunchScreen.storyboard; sourceTree = "<group>"; };
		8FDBC42C2A14AC7900E9B619 /* Info.plist */ = {isa = PBXFileReference; lastKnownFileType = text.plist.xml; path = Info.plist; sourceTree = "<group>"; };
		8FDBC4312A14AC7900E9B619 /* SnapDiaryTests.xctest */ = {isa = PBXFileReference; explicitFileType = wrapper.cfbundle; includeInIndex = 0; path = SnapDiaryTests.xctest; sourceTree = BUILT_PRODUCTS_DIR; };
		8FDBC4352A14AC7900E9B619 /* SnapDiaryTests.swift */ = {isa = PBXFileReference; lastKnownFileType = sourcecode.swift; path = SnapDiaryTests.swift; sourceTree = "<group>"; };
		8FDBC43B2A14AC7900E9B619 /* SnapDiaryUITests.xctest */ = {isa = PBXFileReference; explicitFileType = wrapper.cfbundle; includeInIndex = 0; path = SnapDiaryUITests.xctest; sourceTree = BUILT_PRODUCTS_DIR; };
		8FDBC43F2A14AC7900E9B619 /* SnapDiaryUITests.swift */ = {isa = PBXFileReference; lastKnownFileType = sourcecode.swift; path = SnapDiaryUITests.swift; sourceTree = "<group>"; };
		8FDBC4412A14AC7900E9B619 /* SnapDiaryUITestsLaunchTests.swift */ = {isa = PBXFileReference; lastKnownFileType = sourcecode.swift; path = SnapDiaryUITestsLaunchTests.swift; sourceTree = "<group>"; };
		8FDBC44E2A14AD0F00E9B619 /* README.md */ = {isa = PBXFileReference; lastKnownFileType = net.daringfireball.markdown; path = README.md; sourceTree = "<group>"; };
		8FDBC44F2A16FDC200E9B619 /* BaseViewController.swift */ = {isa = PBXFileReference; lastKnownFileType = sourcecode.swift; path = BaseViewController.swift; sourceTree = "<group>"; };
		8FDBC4522A17043A00E9B619 /* BookListViewController.swift */ = {isa = PBXFileReference; lastKnownFileType = sourcecode.swift; path = BookListViewController.swift; sourceTree = "<group>"; };
		8FDBC45B2A17136C00E9B619 /* Book.swift */ = {isa = PBXFileReference; lastKnownFileType = sourcecode.swift; path = Book.swift; sourceTree = "<group>"; };
		8FDBC45D2A174DBE00E9B619 /* Deck.swift */ = {isa = PBXFileReference; lastKnownFileType = sourcecode.swift; path = Deck.swift; sourceTree = "<group>"; };
		8FDBC45F2A1B3DEA00E9B619 /* BookListView.swift */ = {isa = PBXFileReference; lastKnownFileType = sourcecode.swift; path = BookListView.swift; sourceTree = "<group>"; };
		8FDBC4612A1B3F8900E9B619 /* BaseView.swift */ = {isa = PBXFileReference; lastKnownFileType = sourcecode.swift; path = BaseView.swift; sourceTree = "<group>"; };
		8FDBC4682A1D9D1300E9B619 /* WriteViewController.swift */ = {isa = PBXFileReference; lastKnownFileType = sourcecode.swift; path = WriteViewController.swift; sourceTree = "<group>"; };
		8FDBC46B2A1D9D3B00E9B619 /* WriteView.swift */ = {isa = PBXFileReference; lastKnownFileType = sourcecode.swift; path = WriteView.swift; sourceTree = "<group>"; };
		8FDBC46E2A1DAB1000E9B619 /* AddBookView.swift */ = {isa = PBXFileReference; lastKnownFileType = sourcecode.swift; path = AddBookView.swift; sourceTree = "<group>"; };
		8FDBC4702A1DAC1600E9B619 /* Card.swift */ = {isa = PBXFileReference; lastKnownFileType = sourcecode.swift; path = Card.swift; sourceTree = "<group>"; };
		8FDBC4722A1DCAE900E9B619 /* AddBookViewController.swift */ = {isa = PBXFileReference; lastKnownFileType = sourcecode.swift; path = AddBookViewController.swift; sourceTree = "<group>"; };
		8FDBC4742A1DCE1C00E9B619 /* TextFeildTableViewCell.swift */ = {isa = PBXFileReference; lastKnownFileType = sourcecode.swift; path = TextFeildTableViewCell.swift; sourceTree = "<group>"; };
		8FDBC4782A1DCFED00E9B619 /* VC+Transition.swift */ = {isa = PBXFileReference; lastKnownFileType = sourcecode.swift; path = "VC+Transition.swift"; sourceTree = "<group>"; };
		8FDBC47A2A1DE2F700E9B619 /* NotificationSettingViewController.swift */ = {isa = PBXFileReference; lastKnownFileType = sourcecode.swift; path = NotificationSettingViewController.swift; sourceTree = "<group>"; };
		8FDBC47C2A1EFBAF00E9B619 /* NotificationOptionCell.swift */ = {isa = PBXFileReference; lastKnownFileType = sourcecode.swift; path = NotificationOptionCell.swift; sourceTree = "<group>"; };
		8FDBC47F2A1F2D7500E9B619 /* SwitchTableViewCell.swift */ = {isa = PBXFileReference; lastKnownFileType = sourcecode.swift; path = SwitchTableViewCell.swift; sourceTree = "<group>"; };
		8FDBC4812A20742500E9B619 /* DeckPickerCell.swift */ = {isa = PBXFileReference; lastKnownFileType = sourcecode.swift; path = DeckPickerCell.swift; sourceTree = "<group>"; };
		8FDBC4842A2080D600E9B619 /* DeckListViewController.swift */ = {isa = PBXFileReference; lastKnownFileType = sourcecode.swift; path = DeckListViewController.swift; sourceTree = "<group>"; };
		8FDBC4862A2080E400E9B619 /* DeckDetailViewController.swift */ = {isa = PBXFileReference; lastKnownFileType = sourcecode.swift; path = DeckDetailViewController.swift; sourceTree = "<group>"; };
		8FDBC4882A2084A900E9B619 /* CardListView.swift */ = {isa = PBXFileReference; lastKnownFileType = sourcecode.swift; path = CardListView.swift; sourceTree = "<group>"; };
		8FDBC48A2A208AF100E9B619 /* CardCollectionViewCell.swift */ = {isa = PBXFileReference; lastKnownFileType = sourcecode.swift; path = CardCollectionViewCell.swift; sourceTree = "<group>"; };
		8FDBC48D2A24469000E9B619 /* Constants.swift */ = {isa = PBXFileReference; lastKnownFileType = sourcecode.swift; path = Constants.swift; sourceTree = "<group>"; };
		8FDBC48F2A2446E500E9B619 /* Colors.swift */ = {isa = PBXFileReference; lastKnownFileType = sourcecode.swift; path = Colors.swift; sourceTree = "<group>"; };
		8FEF9BC32A45680600661CDE /* SingleLineCollectionView.swift */ = {isa = PBXFileReference; lastKnownFileType = sourcecode.swift; path = SingleLineCollectionView.swift; sourceTree = "<group>"; };
/* End PBXFileReference section */

/* Begin PBXFrameworksBuildPhase section */
		8FDBC4182A14AC7700E9B619 /* Frameworks */ = {
			isa = PBXFrameworksBuildPhase;
			buildActionMask = 2147483647;
			files = (
				8FBEDF122A2D7C3D0030E41C /* Toast in Frameworks */,
				8FDBC4662A1B41C500E9B619 /* SnapKit in Frameworks */,
				8FDBC4592A17130200E9B619 /* RealmSwift in Frameworks */,
				8FDBC4572A17130200E9B619 /* Realm in Frameworks */,
			);
			runOnlyForDeploymentPostprocessing = 0;
		};
		8FDBC42E2A14AC7900E9B619 /* Frameworks */ = {
			isa = PBXFrameworksBuildPhase;
			buildActionMask = 2147483647;
			files = (
			);
			runOnlyForDeploymentPostprocessing = 0;
		};
		8FDBC4382A14AC7900E9B619 /* Frameworks */ = {
			isa = PBXFrameworksBuildPhase;
			buildActionMask = 2147483647;
			files = (
			);
			runOnlyForDeploymentPostprocessing = 0;
		};
/* End PBXFrameworksBuildPhase section */

/* Begin PBXGroup section */
		8F77D8722A26E8D000BC0054 /* CardList */ = {
			isa = PBXGroup;
			children = (
				8FDBC4882A2084A900E9B619 /* CardListView.swift */,
				8FBEDF192A31AF740030E41C /* CardListViewController.swift */,
			);
			path = CardList;
			sourceTree = "<group>";
		};
		8F95F7A62A42793F0080D42A /* BookDetail */ = {
			isa = PBXGroup;
			children = (
				8F95F7AB2A4280090080D42A /* DetailViews */,
				8F95F7AC2A4280680080D42A /* BookView.swift */,
				8F95F7A72A4279780080D42A /* BookViewController.swift */,
				8F95F7B02A42B9740080D42A /* DiaryCollectionViewCell.swift */,
			);
			path = BookDetail;
			sourceTree = "<group>";
		};
		8F95F7AB2A4280090080D42A /* DetailViews */ = {
			isa = PBXGroup;
			children = (
				8F95F7A92A42799C0080D42A /* BookDetailView.swift */,
			);
			path = DetailViews;
			sourceTree = "<group>";
		};
		8FB825BF2A29A76600C59ED8 /* Realm */ = {
			isa = PBXGroup;
			children = (
				8FB825C02A29A77F00C59ED8 /* RealmRepository.swift */,
			);
			path = Realm;
			sourceTree = "<group>";
		};
		8FBEDF132A3056DF0030E41C /* Card */ = {
			isa = PBXGroup;
			children = (
				8FDBC48A2A208AF100E9B619 /* CardCollectionViewCell.swift */,
				8F77D86E2A26E8B900BC0054 /* CardView.swift */,
				8F77D8702A26E8C100BC0054 /* CardViewController.swift */,
			);
			path = Card;
			sourceTree = "<group>";
		};
		8FBEDF162A305AD90030E41C /* CustomButtons */ = {
			isa = PBXGroup;
			children = (
				8FBEDF172A305AF10030E41C /* CustomButtons.swift */,
			);
			path = CustomButtons;
			sourceTree = "<group>";
		};
		8FDBC4122A14AC7700E9B619 = {
			isa = PBXGroup;
			children = (
				8FDBC44E2A14AD0F00E9B619 /* README.md */,
				8FDBC41D2A14AC7700E9B619 /* SnapDiary */,
				8FDBC4342A14AC7900E9B619 /* SnapDiaryTests */,
				8FDBC43E2A14AC7900E9B619 /* SnapDiaryUITests */,
				8FDBC41C2A14AC7700E9B619 /* Products */,
			);
			sourceTree = "<group>";
		};
		8FDBC41C2A14AC7700E9B619 /* Products */ = {
			isa = PBXGroup;
			children = (
				8FDBC41B2A14AC7700E9B619 /* SnapDiary.app */,
				8FDBC4312A14AC7900E9B619 /* SnapDiaryTests.xctest */,
				8FDBC43B2A14AC7900E9B619 /* SnapDiaryUITests.xctest */,
			);
			name = Products;
			sourceTree = "<group>";
		};
		8FDBC41D2A14AC7700E9B619 /* SnapDiary */ = {
			isa = PBXGroup;
			children = (
				8FDBC41E2A14AC7700E9B619 /* AppDelegate.swift */,
				8FDBC4202A14AC7700E9B619 /* SceneDelegate.swift */,
				8FDBC4222A14AC7700E9B619 /* ViewController.swift */,
				8FDBC4772A1DCFD300E9B619 /* Extenstion */,
				8FDBC48C2A24467900E9B619 /* Constants */,
				8FDBC4512A1700B200E9B619 /* Utilities */,
				8FB825BF2A29A76600C59ED8 /* Realm */,
				8FDBC45A2A17131000E9B619 /* Model */,
				8FDBC4542A17044600E9B619 /* Views */,
				8FDBC4242A14AC7700E9B619 /* Main.storyboard */,
				8FDBC4272A14AC7800E9B619 /* Assets.xcassets */,
				8FDBC4292A14AC7900E9B619 /* LaunchScreen.storyboard */,
				8FDBC42C2A14AC7900E9B619 /* Info.plist */,
			);
			path = SnapDiary;
			sourceTree = "<group>";
		};
		8FDBC4342A14AC7900E9B619 /* SnapDiaryTests */ = {
			isa = PBXGroup;
			children = (
				8FDBC4352A14AC7900E9B619 /* SnapDiaryTests.swift */,
			);
			path = SnapDiaryTests;
			sourceTree = "<group>";
		};
		8FDBC43E2A14AC7900E9B619 /* SnapDiaryUITests */ = {
			isa = PBXGroup;
			children = (
				8FDBC43F2A14AC7900E9B619 /* SnapDiaryUITests.swift */,
				8FDBC4412A14AC7900E9B619 /* SnapDiaryUITestsLaunchTests.swift */,
			);
			path = SnapDiaryUITests;
			sourceTree = "<group>";
		};
		8FDBC4512A1700B200E9B619 /* Utilities */ = {
			isa = PBXGroup;
			children = (
				8FBEDF162A305AD90030E41C /* CustomButtons */,
				8FDBC4762A1DCE3A00E9B619 /* CustomCells */,
				8FDBC44F2A16FDC200E9B619 /* BaseViewController.swift */,
				8FDBC4612A1B3F8900E9B619 /* BaseView.swift */,
				8FBEDF1D2A3203650030E41C /* ListView.swift */,
				8F95F7A02A4013970080D42A /* SingleButtonView.swift */,
				8F95F7B42A43DEBD0080D42A /* CardListCollectionView.swift */,
				8FEF9BC32A45680600661CDE /* SingleLineCollectionView.swift */,
			);
			path = Utilities;
			sourceTree = "<group>";
		};
		8FDBC4542A17044600E9B619 /* Views */ = {
			isa = PBXGroup;
			children = (
				8FBEDF132A3056DF0030E41C /* Card */,
				8F77D8722A26E8D000BC0054 /* CardList */,
				8FDBC4832A2080BE00E9B619 /* DeckList */,
				8FDBC4672A1D993100E9B619 /* BookList */,
				8FDBC46D2A1DAAC500E9B619 /* AddBook */,
				8F95F7A62A42793F0080D42A /* BookDetail */,
				8FDBC46A2A1D9D1900E9B619 /* Write */,
			);
			path = Views;
			sourceTree = "<group>";
		};
		8FDBC45A2A17131000E9B619 /* Model */ = {
			isa = PBXGroup;
			children = (
				8FDBC45B2A17136C00E9B619 /* Book.swift */,
				8FDBC45D2A174DBE00E9B619 /* Deck.swift */,
				8FDBC4702A1DAC1600E9B619 /* Card.swift */,
				8F95F7B22A42C8320080D42A /* Diary.swift */,
			);
			path = Model;
			sourceTree = "<group>";
		};
		8FDBC4672A1D993100E9B619 /* BookList */ = {
			isa = PBXGroup;
			children = (
				8FDBC45F2A1B3DEA00E9B619 /* BookListView.swift */,
				8FDBC4522A17043A00E9B619 /* BookListViewController.swift */,
			);
			path = BookList;
			sourceTree = "<group>";
		};
		8FDBC46A2A1D9D1900E9B619 /* Write */ = {
			isa = PBXGroup;
			children = (
				8FDBC46B2A1D9D3B00E9B619 /* WriteView.swift */,
				8FDBC4682A1D9D1300E9B619 /* WriteViewController.swift */,
			);
			path = Write;
			sourceTree = "<group>";
		};
		8FDBC46D2A1DAAC500E9B619 /* AddBook */ = {
			isa = PBXGroup;
			children = (
				8FDBC47E2A1F24BA00E9B619 /* Cells */,
				8FDBC46E2A1DAB1000E9B619 /* AddBookView.swift */,
				8FDBC4722A1DCAE900E9B619 /* AddBookViewController.swift */,
				8FDBC47A2A1DE2F700E9B619 /* NotificationSettingViewController.swift */,
			);
			path = AddBook;
			sourceTree = "<group>";
		};
		8FDBC4762A1DCE3A00E9B619 /* CustomCells */ = {
			isa = PBXGroup;
			children = (
				8FDBC4742A1DCE1C00E9B619 /* TextFeildTableViewCell.swift */,
				8F95F7A22A4137A90080D42A /* CollectionViewBaseCell.swift */,
			);
			path = CustomCells;
			sourceTree = "<group>";
		};
		8FDBC4772A1DCFD300E9B619 /* Extenstion */ = {
			isa = PBXGroup;
			children = (
				8FDBC4782A1DCFED00E9B619 /* VC+Transition.swift */,
				8F95F7A42A413BE40080D42A /* UIView+Extension.swift */,
				8F95F7AE2A429A300080D42A /* Date+Extension.swift */,
			);
			path = Extenstion;
			sourceTree = "<group>";
		};
		8FDBC47E2A1F24BA00E9B619 /* Cells */ = {
			isa = PBXGroup;
			children = (
				8FDBC47C2A1EFBAF00E9B619 /* NotificationOptionCell.swift */,
				8FDBC4812A20742500E9B619 /* DeckPickerCell.swift */,
				8FDBC47F2A1F2D7500E9B619 /* SwitchTableViewCell.swift */,
			);
			path = Cells;
			sourceTree = "<group>";
		};
		8FDBC4832A2080BE00E9B619 /* DeckList */ = {
			isa = PBXGroup;
			children = (
				8FDBC4842A2080D600E9B619 /* DeckListViewController.swift */,
				8FDBC4862A2080E400E9B619 /* DeckDetailViewController.swift */,
				8FBEDF142A3057130030E41C /* DeckTitleViewController.swift */,
				8FBEDF1B2A3203060030E41C /* CardPickerViewController.swift */,
				8FBEDF1F2A3207CE0030E41C /* CardPickerView.swift */,
			);
			path = DeckList;
			sourceTree = "<group>";
		};
		8FDBC48C2A24467900E9B619 /* Constants */ = {
			isa = PBXGroup;
			children = (
				8FDBC48D2A24469000E9B619 /* Constants.swift */,
				8FDBC48F2A2446E500E9B619 /* Colors.swift */,
			);
			path = Constants;
			sourceTree = "<group>";
		};
/* End PBXGroup section */

/* Begin PBXNativeTarget section */
		8FDBC41A2A14AC7700E9B619 /* SnapDiary */ = {
			isa = PBXNativeTarget;
			buildConfigurationList = 8FDBC4452A14AC7900E9B619 /* Build configuration list for PBXNativeTarget "SnapDiary" */;
			buildPhases = (
				8FDBC4172A14AC7700E9B619 /* Sources */,
				8FDBC4182A14AC7700E9B619 /* Frameworks */,
				8FDBC4192A14AC7700E9B619 /* Resources */,
			);
			buildRules = (
			);
			dependencies = (
			);
			name = SnapDiary;
			packageProductDependencies = (
				8FDBC4562A17130200E9B619 /* Realm */,
				8FDBC4582A17130200E9B619 /* RealmSwift */,
				8FDBC4652A1B41C500E9B619 /* SnapKit */,
				8FBEDF112A2D7C3D0030E41C /* Toast */,
			);
			productName = SnapDiary;
			productReference = 8FDBC41B2A14AC7700E9B619 /* SnapDiary.app */;
			productType = "com.apple.product-type.application";
		};
		8FDBC4302A14AC7900E9B619 /* SnapDiaryTests */ = {
			isa = PBXNativeTarget;
			buildConfigurationList = 8FDBC4482A14AC7900E9B619 /* Build configuration list for PBXNativeTarget "SnapDiaryTests" */;
			buildPhases = (
				8FDBC42D2A14AC7900E9B619 /* Sources */,
				8FDBC42E2A14AC7900E9B619 /* Frameworks */,
				8FDBC42F2A14AC7900E9B619 /* Resources */,
			);
			buildRules = (
			);
			dependencies = (
				8FDBC4332A14AC7900E9B619 /* PBXTargetDependency */,
			);
			name = SnapDiaryTests;
			productName = SnapDiaryTests;
			productReference = 8FDBC4312A14AC7900E9B619 /* SnapDiaryTests.xctest */;
			productType = "com.apple.product-type.bundle.unit-test";
		};
		8FDBC43A2A14AC7900E9B619 /* SnapDiaryUITests */ = {
			isa = PBXNativeTarget;
			buildConfigurationList = 8FDBC44B2A14AC7900E9B619 /* Build configuration list for PBXNativeTarget "SnapDiaryUITests" */;
			buildPhases = (
				8FDBC4372A14AC7900E9B619 /* Sources */,
				8FDBC4382A14AC7900E9B619 /* Frameworks */,
				8FDBC4392A14AC7900E9B619 /* Resources */,
			);
			buildRules = (
			);
			dependencies = (
				8FDBC43D2A14AC7900E9B619 /* PBXTargetDependency */,
			);
			name = SnapDiaryUITests;
			productName = SnapDiaryUITests;
			productReference = 8FDBC43B2A14AC7900E9B619 /* SnapDiaryUITests.xctest */;
			productType = "com.apple.product-type.bundle.ui-testing";
		};
/* End PBXNativeTarget section */

/* Begin PBXProject section */
		8FDBC4132A14AC7700E9B619 /* Project object */ = {
			isa = PBXProject;
			attributes = {
				BuildIndependentTargetsInParallel = 1;
				LastSwiftUpdateCheck = 1430;
				LastUpgradeCheck = 1430;
				TargetAttributes = {
					8FDBC41A2A14AC7700E9B619 = {
						CreatedOnToolsVersion = 14.3;
					};
					8FDBC4302A14AC7900E9B619 = {
						CreatedOnToolsVersion = 14.3;
						TestTargetID = 8FDBC41A2A14AC7700E9B619;
					};
					8FDBC43A2A14AC7900E9B619 = {
						CreatedOnToolsVersion = 14.3;
						TestTargetID = 8FDBC41A2A14AC7700E9B619;
					};
				};
			};
			buildConfigurationList = 8FDBC4162A14AC7700E9B619 /* Build configuration list for PBXProject "SnapDiary" */;
			compatibilityVersion = "Xcode 14.0";
			developmentRegion = en;
			hasScannedForEncodings = 0;
			knownRegions = (
				en,
				Base,
			);
			mainGroup = 8FDBC4122A14AC7700E9B619;
			packageReferences = (
				8FDBC4552A17130200E9B619 /* XCRemoteSwiftPackageReference "realm-swift" */,
				8FDBC4642A1B41C500E9B619 /* XCRemoteSwiftPackageReference "SnapKit" */,
				8FBEDF102A2D7C3D0030E41C /* XCRemoteSwiftPackageReference "Toast-Swift" */,
			);
			productRefGroup = 8FDBC41C2A14AC7700E9B619 /* Products */;
			projectDirPath = "";
			projectRoot = "";
			targets = (
				8FDBC41A2A14AC7700E9B619 /* SnapDiary */,
				8FDBC4302A14AC7900E9B619 /* SnapDiaryTests */,
				8FDBC43A2A14AC7900E9B619 /* SnapDiaryUITests */,
			);
		};
/* End PBXProject section */

/* Begin PBXResourcesBuildPhase section */
		8FDBC4192A14AC7700E9B619 /* Resources */ = {
			isa = PBXResourcesBuildPhase;
			buildActionMask = 2147483647;
			files = (
				8FDBC42B2A14AC7900E9B619 /* LaunchScreen.storyboard in Resources */,
				8FDBC4282A14AC7800E9B619 /* Assets.xcassets in Resources */,
				8FDBC4262A14AC7700E9B619 /* Main.storyboard in Resources */,
			);
			runOnlyForDeploymentPostprocessing = 0;
		};
		8FDBC42F2A14AC7900E9B619 /* Resources */ = {
			isa = PBXResourcesBuildPhase;
			buildActionMask = 2147483647;
			files = (
			);
			runOnlyForDeploymentPostprocessing = 0;
		};
		8FDBC4392A14AC7900E9B619 /* Resources */ = {
			isa = PBXResourcesBuildPhase;
			buildActionMask = 2147483647;
			files = (
			);
			runOnlyForDeploymentPostprocessing = 0;
		};
/* End PBXResourcesBuildPhase section */

/* Begin PBXSourcesBuildPhase section */
		8FDBC4172A14AC7700E9B619 /* Sources */ = {
			isa = PBXSourcesBuildPhase;
			buildActionMask = 2147483647;
			files = (
				8FDBC4892A2084A900E9B619 /* CardListView.swift in Sources */,
				8F77D86F2A26E8B900BC0054 /* CardView.swift in Sources */,
				8FDBC45E2A174DBE00E9B619 /* Deck.swift in Sources */,
				8FDBC4852A2080D600E9B619 /* DeckListViewController.swift in Sources */,
				8FBEDF152A3057130030E41C /* DeckTitleViewController.swift in Sources */,
				8FDBC4232A14AC7700E9B619 /* ViewController.swift in Sources */,
				8FDBC4752A1DCE1C00E9B619 /* TextFeildTableViewCell.swift in Sources */,
				8FDBC4502A16FDC200E9B619 /* BaseViewController.swift in Sources */,
				8FDBC4822A20742500E9B619 /* DeckPickerCell.swift in Sources */,
				8F77D8712A26E8C100BC0054 /* CardViewController.swift in Sources */,
				8F95F7A12A4013970080D42A /* SingleButtonView.swift in Sources */,
				8F95F7AF2A429A300080D42A /* Date+Extension.swift in Sources */,
				8FDBC4872A2080E400E9B619 /* DeckDetailViewController.swift in Sources */,
				8F95F7A52A413BE40080D42A /* UIView+Extension.swift in Sources */,
				8FEF9BC42A45680600661CDE /* SingleLineCollectionView.swift in Sources */,
				8FDBC45C2A17136C00E9B619 /* Book.swift in Sources */,
				8F95F7B32A42C8320080D42A /* Diary.swift in Sources */,
				8FBEDF1A2A31AF740030E41C /* CardListViewController.swift in Sources */,
				8FDBC4802A1F2D7500E9B619 /* SwitchTableViewCell.swift in Sources */,
				8F95F7B12A42B9740080D42A /* DiaryCollectionViewCell.swift in Sources */,
				8FBEDF202A3207CE0030E41C /* CardPickerView.swift in Sources */,
				8FDBC4712A1DAC1600E9B619 /* Card.swift in Sources */,
				8F95F7AD2A4280680080D42A /* BookView.swift in Sources */,
				8FDBC4792A1DCFED00E9B619 /* VC+Transition.swift in Sources */,
				8FB825C12A29A77F00C59ED8 /* RealmRepository.swift in Sources */,
				8FDBC41F2A14AC7700E9B619 /* AppDelegate.swift in Sources */,
				8FDBC46C2A1D9D3B00E9B619 /* WriteView.swift in Sources */,
				8FDBC4212A14AC7700E9B619 /* SceneDelegate.swift in Sources */,
				8FBEDF1E2A3203650030E41C /* ListView.swift in Sources */,
				8FDBC4622A1B3F8900E9B619 /* BaseView.swift in Sources */,
				8F95F7B52A43DEBD0080D42A /* CardListCollectionView.swift in Sources */,
				8FDBC48B2A208AF100E9B619 /* CardCollectionViewCell.swift in Sources */,
				8FDBC48E2A24469000E9B619 /* Constants.swift in Sources */,
				8FBEDF182A305AF10030E41C /* CustomButtons.swift in Sources */,
				8F95F7A32A4137A90080D42A /* CollectionViewBaseCell.swift in Sources */,
				8F95F7A82A4279780080D42A /* BookViewController.swift in Sources */,
				8FDBC4732A1DCAE900E9B619 /* AddBookViewController.swift in Sources */,
				8FDBC46F2A1DAB1000E9B619 /* AddBookView.swift in Sources */,
				8F95F7AA2A42799C0080D42A /* BookDetailView.swift in Sources */,
				8FDBC4532A17043A00E9B619 /* BookListViewController.swift in Sources */,
				8FDBC4902A2446E500E9B619 /* Colors.swift in Sources */,
				8FDBC4692A1D9D1300E9B619 /* WriteViewController.swift in Sources */,
				8FBEDF1C2A3203060030E41C /* CardPickerViewController.swift in Sources */,
				8FDBC47B2A1DE2F700E9B619 /* NotificationSettingViewController.swift in Sources */,
				8FDBC4602A1B3DEA00E9B619 /* BookListView.swift in Sources */,
				8FDBC47D2A1EFBAF00E9B619 /* NotificationOptionCell.swift in Sources */,
			);
			runOnlyForDeploymentPostprocessing = 0;
		};
		8FDBC42D2A14AC7900E9B619 /* Sources */ = {
			isa = PBXSourcesBuildPhase;
			buildActionMask = 2147483647;
			files = (
				8FDBC4362A14AC7900E9B619 /* SnapDiaryTests.swift in Sources */,
			);
			runOnlyForDeploymentPostprocessing = 0;
		};
		8FDBC4372A14AC7900E9B619 /* Sources */ = {
			isa = PBXSourcesBuildPhase;
			buildActionMask = 2147483647;
			files = (
				8FDBC4422A14AC7900E9B619 /* SnapDiaryUITestsLaunchTests.swift in Sources */,
				8FDBC4402A14AC7900E9B619 /* SnapDiaryUITests.swift in Sources */,
			);
			runOnlyForDeploymentPostprocessing = 0;
		};
/* End PBXSourcesBuildPhase section */

/* Begin PBXTargetDependency section */
		8FDBC4332A14AC7900E9B619 /* PBXTargetDependency */ = {
			isa = PBXTargetDependency;
			target = 8FDBC41A2A14AC7700E9B619 /* SnapDiary */;
			targetProxy = 8FDBC4322A14AC7900E9B619 /* PBXContainerItemProxy */;
		};
		8FDBC43D2A14AC7900E9B619 /* PBXTargetDependency */ = {
			isa = PBXTargetDependency;
			target = 8FDBC41A2A14AC7700E9B619 /* SnapDiary */;
			targetProxy = 8FDBC43C2A14AC7900E9B619 /* PBXContainerItemProxy */;
		};
/* End PBXTargetDependency section */

/* Begin PBXVariantGroup section */
		8FDBC4242A14AC7700E9B619 /* Main.storyboard */ = {
			isa = PBXVariantGroup;
			children = (
				8FDBC4252A14AC7700E9B619 /* Base */,
			);
			name = Main.storyboard;
			sourceTree = "<group>";
		};
		8FDBC4292A14AC7900E9B619 /* LaunchScreen.storyboard */ = {
			isa = PBXVariantGroup;
			children = (
				8FDBC42A2A14AC7900E9B619 /* Base */,
			);
			name = LaunchScreen.storyboard;
			sourceTree = "<group>";
		};
/* End PBXVariantGroup section */

/* Begin XCBuildConfiguration section */
		8FDBC4432A14AC7900E9B619 /* Debug */ = {
			isa = XCBuildConfiguration;
			buildSettings = {
				ALWAYS_SEARCH_USER_PATHS = NO;
				CLANG_ANALYZER_NONNULL = YES;
				CLANG_ANALYZER_NUMBER_OBJECT_CONVERSION = YES_AGGRESSIVE;
				CLANG_CXX_LANGUAGE_STANDARD = "gnu++20";
				CLANG_ENABLE_MODULES = YES;
				CLANG_ENABLE_OBJC_ARC = YES;
				CLANG_ENABLE_OBJC_WEAK = YES;
				CLANG_WARN_BLOCK_CAPTURE_AUTORELEASING = YES;
				CLANG_WARN_BOOL_CONVERSION = YES;
				CLANG_WARN_COMMA = YES;
				CLANG_WARN_CONSTANT_CONVERSION = YES;
				CLANG_WARN_DEPRECATED_OBJC_IMPLEMENTATIONS = YES;
				CLANG_WARN_DIRECT_OBJC_ISA_USAGE = YES_ERROR;
				CLANG_WARN_DOCUMENTATION_COMMENTS = YES;
				CLANG_WARN_EMPTY_BODY = YES;
				CLANG_WARN_ENUM_CONVERSION = YES;
				CLANG_WARN_INFINITE_RECURSION = YES;
				CLANG_WARN_INT_CONVERSION = YES;
				CLANG_WARN_NON_LITERAL_NULL_CONVERSION = YES;
				CLANG_WARN_OBJC_IMPLICIT_RETAIN_SELF = YES;
				CLANG_WARN_OBJC_LITERAL_CONVERSION = YES;
				CLANG_WARN_OBJC_ROOT_CLASS = YES_ERROR;
				CLANG_WARN_QUOTED_INCLUDE_IN_FRAMEWORK_HEADER = YES;
				CLANG_WARN_RANGE_LOOP_ANALYSIS = YES;
				CLANG_WARN_STRICT_PROTOTYPES = YES;
				CLANG_WARN_SUSPICIOUS_MOVE = YES;
				CLANG_WARN_UNGUARDED_AVAILABILITY = YES_AGGRESSIVE;
				CLANG_WARN_UNREACHABLE_CODE = YES;
				CLANG_WARN__DUPLICATE_METHOD_MATCH = YES;
				COPY_PHASE_STRIP = NO;
				DEBUG_INFORMATION_FORMAT = dwarf;
				ENABLE_STRICT_OBJC_MSGSEND = YES;
				ENABLE_TESTABILITY = YES;
				GCC_C_LANGUAGE_STANDARD = gnu11;
				GCC_DYNAMIC_NO_PIC = NO;
				GCC_NO_COMMON_BLOCKS = YES;
				GCC_OPTIMIZATION_LEVEL = 0;
				GCC_PREPROCESSOR_DEFINITIONS = (
					"DEBUG=1",
					"$(inherited)",
				);
				GCC_WARN_64_TO_32_BIT_CONVERSION = YES;
				GCC_WARN_ABOUT_RETURN_TYPE = YES_ERROR;
				GCC_WARN_UNDECLARED_SELECTOR = YES;
				GCC_WARN_UNINITIALIZED_AUTOS = YES_AGGRESSIVE;
				GCC_WARN_UNUSED_FUNCTION = YES;
				GCC_WARN_UNUSED_VARIABLE = YES;
				IPHONEOS_DEPLOYMENT_TARGET = 15.0;
				MTL_ENABLE_DEBUG_INFO = INCLUDE_SOURCE;
				MTL_FAST_MATH = YES;
				ONLY_ACTIVE_ARCH = YES;
				SDKROOT = iphoneos;
				SWIFT_ACTIVE_COMPILATION_CONDITIONS = DEBUG;
				SWIFT_OPTIMIZATION_LEVEL = "-Onone";
			};
			name = Debug;
		};
		8FDBC4442A14AC7900E9B619 /* Release */ = {
			isa = XCBuildConfiguration;
			buildSettings = {
				ALWAYS_SEARCH_USER_PATHS = NO;
				CLANG_ANALYZER_NONNULL = YES;
				CLANG_ANALYZER_NUMBER_OBJECT_CONVERSION = YES_AGGRESSIVE;
				CLANG_CXX_LANGUAGE_STANDARD = "gnu++20";
				CLANG_ENABLE_MODULES = YES;
				CLANG_ENABLE_OBJC_ARC = YES;
				CLANG_ENABLE_OBJC_WEAK = YES;
				CLANG_WARN_BLOCK_CAPTURE_AUTORELEASING = YES;
				CLANG_WARN_BOOL_CONVERSION = YES;
				CLANG_WARN_COMMA = YES;
				CLANG_WARN_CONSTANT_CONVERSION = YES;
				CLANG_WARN_DEPRECATED_OBJC_IMPLEMENTATIONS = YES;
				CLANG_WARN_DIRECT_OBJC_ISA_USAGE = YES_ERROR;
				CLANG_WARN_DOCUMENTATION_COMMENTS = YES;
				CLANG_WARN_EMPTY_BODY = YES;
				CLANG_WARN_ENUM_CONVERSION = YES;
				CLANG_WARN_INFINITE_RECURSION = YES;
				CLANG_WARN_INT_CONVERSION = YES;
				CLANG_WARN_NON_LITERAL_NULL_CONVERSION = YES;
				CLANG_WARN_OBJC_IMPLICIT_RETAIN_SELF = YES;
				CLANG_WARN_OBJC_LITERAL_CONVERSION = YES;
				CLANG_WARN_OBJC_ROOT_CLASS = YES_ERROR;
				CLANG_WARN_QUOTED_INCLUDE_IN_FRAMEWORK_HEADER = YES;
				CLANG_WARN_RANGE_LOOP_ANALYSIS = YES;
				CLANG_WARN_STRICT_PROTOTYPES = YES;
				CLANG_WARN_SUSPICIOUS_MOVE = YES;
				CLANG_WARN_UNGUARDED_AVAILABILITY = YES_AGGRESSIVE;
				CLANG_WARN_UNREACHABLE_CODE = YES;
				CLANG_WARN__DUPLICATE_METHOD_MATCH = YES;
				COPY_PHASE_STRIP = NO;
				DEBUG_INFORMATION_FORMAT = "dwarf-with-dsym";
				ENABLE_NS_ASSERTIONS = NO;
				ENABLE_STRICT_OBJC_MSGSEND = YES;
				GCC_C_LANGUAGE_STANDARD = gnu11;
				GCC_NO_COMMON_BLOCKS = YES;
				GCC_WARN_64_TO_32_BIT_CONVERSION = YES;
				GCC_WARN_ABOUT_RETURN_TYPE = YES_ERROR;
				GCC_WARN_UNDECLARED_SELECTOR = YES;
				GCC_WARN_UNINITIALIZED_AUTOS = YES_AGGRESSIVE;
				GCC_WARN_UNUSED_FUNCTION = YES;
				GCC_WARN_UNUSED_VARIABLE = YES;
				IPHONEOS_DEPLOYMENT_TARGET = 15.0;
				MTL_ENABLE_DEBUG_INFO = NO;
				MTL_FAST_MATH = YES;
				SDKROOT = iphoneos;
				SWIFT_COMPILATION_MODE = wholemodule;
				SWIFT_OPTIMIZATION_LEVEL = "-O";
				VALIDATE_PRODUCT = YES;
			};
			name = Release;
		};
		8FDBC4462A14AC7900E9B619 /* Debug */ = {
			isa = XCBuildConfiguration;
			buildSettings = {
				ASSETCATALOG_COMPILER_APPICON_NAME = AppIcon;
				ASSETCATALOG_COMPILER_GLOBAL_ACCENT_COLOR_NAME = AccentColor;
				CODE_SIGN_STYLE = Automatic;
				CURRENT_PROJECT_VERSION = 1;
				DEVELOPMENT_TEAM = Z56UT2Z9KH;
				GENERATE_INFOPLIST_FILE = YES;
				INFOPLIST_FILE = SnapDiary/Info.plist;
				INFOPLIST_KEY_UIApplicationSupportsIndirectInputEvents = YES;
				INFOPLIST_KEY_UILaunchStoryboardName = LaunchScreen;
				INFOPLIST_KEY_UIMainStoryboardFile = Main;
				INFOPLIST_KEY_UISupportedInterfaceOrientations = UIInterfaceOrientationPortrait;
				INFOPLIST_KEY_UISupportedInterfaceOrientations_iPad = "UIInterfaceOrientationLandscapeLeft UIInterfaceOrientationLandscapeRight UIInterfaceOrientationPortrait UIInterfaceOrientationPortraitUpsideDown";
				IPHONEOS_DEPLOYMENT_TARGET = 15.0;
				LD_RUNPATH_SEARCH_PATHS = (
					"$(inherited)",
					"@executable_path/Frameworks",
				);
				MARKETING_VERSION = 1.0;
				PRODUCT_BUNDLE_IDENTIFIER = com.ohlee.SnapDiary;
				PRODUCT_NAME = "$(TARGET_NAME)";
				SUPPORTED_PLATFORMS = "iphoneos iphonesimulator";
				SUPPORTS_MACCATALYST = NO;
				SUPPORTS_MAC_DESIGNED_FOR_IPHONE_IPAD = NO;
				SWIFT_EMIT_LOC_STRINGS = YES;
				SWIFT_VERSION = 5.0;
				TARGETED_DEVICE_FAMILY = 1;
			};
			name = Debug;
		};
		8FDBC4472A14AC7900E9B619 /* Release */ = {
			isa = XCBuildConfiguration;
			buildSettings = {
				ASSETCATALOG_COMPILER_APPICON_NAME = AppIcon;
				ASSETCATALOG_COMPILER_GLOBAL_ACCENT_COLOR_NAME = AccentColor;
				CODE_SIGN_STYLE = Automatic;
				CURRENT_PROJECT_VERSION = 1;
				DEVELOPMENT_TEAM = Z56UT2Z9KH;
				GENERATE_INFOPLIST_FILE = YES;
				INFOPLIST_FILE = SnapDiary/Info.plist;
				INFOPLIST_KEY_UIApplicationSupportsIndirectInputEvents = YES;
				INFOPLIST_KEY_UILaunchStoryboardName = LaunchScreen;
				INFOPLIST_KEY_UIMainStoryboardFile = Main;
				INFOPLIST_KEY_UISupportedInterfaceOrientations = UIInterfaceOrientationPortrait;
				INFOPLIST_KEY_UISupportedInterfaceOrientations_iPad = "UIInterfaceOrientationLandscapeLeft UIInterfaceOrientationLandscapeRight UIInterfaceOrientationPortrait UIInterfaceOrientationPortraitUpsideDown";
				IPHONEOS_DEPLOYMENT_TARGET = 15.0;
				LD_RUNPATH_SEARCH_PATHS = (
					"$(inherited)",
					"@executable_path/Frameworks",
				);
				MARKETING_VERSION = 1.0;
				PRODUCT_BUNDLE_IDENTIFIER = com.ohlee.SnapDiary;
				PRODUCT_NAME = "$(TARGET_NAME)";
				SUPPORTED_PLATFORMS = "iphoneos iphonesimulator";
				SUPPORTS_MACCATALYST = NO;
				SUPPORTS_MAC_DESIGNED_FOR_IPHONE_IPAD = NO;
				SWIFT_EMIT_LOC_STRINGS = YES;
				SWIFT_VERSION = 5.0;
				TARGETED_DEVICE_FAMILY = 1;
			};
			name = Release;
		};
		8FDBC4492A14AC7900E9B619 /* Debug */ = {
			isa = XCBuildConfiguration;
			buildSettings = {
				ALWAYS_EMBED_SWIFT_STANDARD_LIBRARIES = YES;
				BUNDLE_LOADER = "$(TEST_HOST)";
				CODE_SIGN_STYLE = Automatic;
				CURRENT_PROJECT_VERSION = 1;
				DEVELOPMENT_TEAM = Z56UT2Z9KH;
				GENERATE_INFOPLIST_FILE = YES;
				IPHONEOS_DEPLOYMENT_TARGET = 15.0;
				MARKETING_VERSION = 1.0;
				PRODUCT_BUNDLE_IDENTIFIER = com.ohlee.SnapDiaryTests;
				PRODUCT_NAME = "$(TARGET_NAME)";
				SWIFT_EMIT_LOC_STRINGS = NO;
				SWIFT_VERSION = 5.0;
				TARGETED_DEVICE_FAMILY = "1,2";
				TEST_HOST = "$(BUILT_PRODUCTS_DIR)/SnapDiary.app/$(BUNDLE_EXECUTABLE_FOLDER_PATH)/SnapDiary";
			};
			name = Debug;
		};
		8FDBC44A2A14AC7900E9B619 /* Release */ = {
			isa = XCBuildConfiguration;
			buildSettings = {
				ALWAYS_EMBED_SWIFT_STANDARD_LIBRARIES = YES;
				BUNDLE_LOADER = "$(TEST_HOST)";
				CODE_SIGN_STYLE = Automatic;
				CURRENT_PROJECT_VERSION = 1;
				DEVELOPMENT_TEAM = Z56UT2Z9KH;
				GENERATE_INFOPLIST_FILE = YES;
				IPHONEOS_DEPLOYMENT_TARGET = 15.0;
				MARKETING_VERSION = 1.0;
				PRODUCT_BUNDLE_IDENTIFIER = com.ohlee.SnapDiaryTests;
				PRODUCT_NAME = "$(TARGET_NAME)";
				SWIFT_EMIT_LOC_STRINGS = NO;
				SWIFT_VERSION = 5.0;
				TARGETED_DEVICE_FAMILY = "1,2";
				TEST_HOST = "$(BUILT_PRODUCTS_DIR)/SnapDiary.app/$(BUNDLE_EXECUTABLE_FOLDER_PATH)/SnapDiary";
			};
			name = Release;
		};
		8FDBC44C2A14AC7900E9B619 /* Debug */ = {
			isa = XCBuildConfiguration;
			buildSettings = {
				ALWAYS_EMBED_SWIFT_STANDARD_LIBRARIES = YES;
				CODE_SIGN_STYLE = Automatic;
				CURRENT_PROJECT_VERSION = 1;
				DEVELOPMENT_TEAM = Z56UT2Z9KH;
				GENERATE_INFOPLIST_FILE = YES;
				MARKETING_VERSION = 1.0;
				PRODUCT_BUNDLE_IDENTIFIER = com.ohlee.SnapDiaryUITests;
				PRODUCT_NAME = "$(TARGET_NAME)";
				SWIFT_EMIT_LOC_STRINGS = NO;
				SWIFT_VERSION = 5.0;
				TARGETED_DEVICE_FAMILY = "1,2";
				TEST_TARGET_NAME = SnapDiary;
			};
			name = Debug;
		};
		8FDBC44D2A14AC7900E9B619 /* Release */ = {
			isa = XCBuildConfiguration;
			buildSettings = {
				ALWAYS_EMBED_SWIFT_STANDARD_LIBRARIES = YES;
				CODE_SIGN_STYLE = Automatic;
				CURRENT_PROJECT_VERSION = 1;
				DEVELOPMENT_TEAM = Z56UT2Z9KH;
				GENERATE_INFOPLIST_FILE = YES;
				MARKETING_VERSION = 1.0;
				PRODUCT_BUNDLE_IDENTIFIER = com.ohlee.SnapDiaryUITests;
				PRODUCT_NAME = "$(TARGET_NAME)";
				SWIFT_EMIT_LOC_STRINGS = NO;
				SWIFT_VERSION = 5.0;
				TARGETED_DEVICE_FAMILY = "1,2";
				TEST_TARGET_NAME = SnapDiary;
			};
			name = Release;
		};
/* End XCBuildConfiguration section */

/* Begin XCConfigurationList section */
		8FDBC4162A14AC7700E9B619 /* Build configuration list for PBXProject "SnapDiary" */ = {
			isa = XCConfigurationList;
			buildConfigurations = (
				8FDBC4432A14AC7900E9B619 /* Debug */,
				8FDBC4442A14AC7900E9B619 /* Release */,
			);
			defaultConfigurationIsVisible = 0;
			defaultConfigurationName = Release;
		};
		8FDBC4452A14AC7900E9B619 /* Build configuration list for PBXNativeTarget "SnapDiary" */ = {
			isa = XCConfigurationList;
			buildConfigurations = (
				8FDBC4462A14AC7900E9B619 /* Debug */,
				8FDBC4472A14AC7900E9B619 /* Release */,
			);
			defaultConfigurationIsVisible = 0;
			defaultConfigurationName = Release;
		};
		8FDBC4482A14AC7900E9B619 /* Build configuration list for PBXNativeTarget "SnapDiaryTests" */ = {
			isa = XCConfigurationList;
			buildConfigurations = (
				8FDBC4492A14AC7900E9B619 /* Debug */,
				8FDBC44A2A14AC7900E9B619 /* Release */,
			);
			defaultConfigurationIsVisible = 0;
			defaultConfigurationName = Release;
		};
		8FDBC44B2A14AC7900E9B619 /* Build configuration list for PBXNativeTarget "SnapDiaryUITests" */ = {
			isa = XCConfigurationList;
			buildConfigurations = (
				8FDBC44C2A14AC7900E9B619 /* Debug */,
				8FDBC44D2A14AC7900E9B619 /* Release */,
			);
			defaultConfigurationIsVisible = 0;
			defaultConfigurationName = Release;
		};
/* End XCConfigurationList section */

/* Begin XCRemoteSwiftPackageReference section */
		8FBEDF102A2D7C3D0030E41C /* XCRemoteSwiftPackageReference "Toast-Swift" */ = {
			isa = XCRemoteSwiftPackageReference;
			repositoryURL = "https://github.com/scalessec/Toast-Swift.git";
			requirement = {
				kind = upToNextMajorVersion;
				minimumVersion = 5.0.0;
			};
		};
		8FDBC4552A17130200E9B619 /* XCRemoteSwiftPackageReference "realm-swift" */ = {
			isa = XCRemoteSwiftPackageReference;
			repositoryURL = "https://github.com/realm/realm-swift.git";
			requirement = {
				kind = upToNextMajorVersion;
				minimumVersion = 10.0.0;
			};
		};
		8FDBC4642A1B41C500E9B619 /* XCRemoteSwiftPackageReference "SnapKit" */ = {
			isa = XCRemoteSwiftPackageReference;
			repositoryURL = "https://github.com/SnapKit/SnapKit.git";
			requirement = {
				kind = upToNextMajorVersion;
				minimumVersion = 5.0.0;
			};
		};
/* End XCRemoteSwiftPackageReference section */

/* Begin XCSwiftPackageProductDependency section */
		8FBEDF112A2D7C3D0030E41C /* Toast */ = {
			isa = XCSwiftPackageProductDependency;
			package = 8FBEDF102A2D7C3D0030E41C /* XCRemoteSwiftPackageReference "Toast-Swift" */;
			productName = Toast;
		};
		8FDBC4562A17130200E9B619 /* Realm */ = {
			isa = XCSwiftPackageProductDependency;
			package = 8FDBC4552A17130200E9B619 /* XCRemoteSwiftPackageReference "realm-swift" */;
			productName = Realm;
		};
		8FDBC4582A17130200E9B619 /* RealmSwift */ = {
			isa = XCSwiftPackageProductDependency;
			package = 8FDBC4552A17130200E9B619 /* XCRemoteSwiftPackageReference "realm-swift" */;
			productName = RealmSwift;
		};
		8FDBC4652A1B41C500E9B619 /* SnapKit */ = {
			isa = XCSwiftPackageProductDependency;
			package = 8FDBC4642A1B41C500E9B619 /* XCRemoteSwiftPackageReference "SnapKit" */;
			productName = SnapKit;
		};
/* End XCSwiftPackageProductDependency section */
	};
	rootObject = 8FDBC4132A14AC7700E9B619 /* Project object */;
}
